{
  "name": "realsoft-reusable-components",
  "version": "0.0.36",
  "lockfileVersion": 2,
  "requires": true,
  "packages": {
    "": {
      "name": "realsoft-reusable-components",
      "version": "0.0.36",
      "peerDependencies": {
        "@angular/common": "^18.2.6",
        "@angular/core": "^18.2.6"
      }
    }
  }
}
